
Microsoft Visual Studio Solution File, Format Version 12.00
# Visual Studio Version 17
VisualStudioVersion = 17.10.34916.146
MinimumVisualStudioVersion = 10.0.40219.1
Project("{9A19103F-16F7-4668-BE54-9A1E7A4F7556}") = "WpfApp", "WpfApp.csproj", "{410D8064-A024-43EA-B90D-62546E609D78}"
EndProject
Global
	GlobalSection(SolutionConfigurationPlatforms) = preSolution
		Debug|Any CPU = Debug|Any CPU
		Release|Any CPU = Release|Any CPU
	EndGlobalSection
	GlobalSection(ProjectConfigurationPlatforms) = postSolution
		{410D8064-A024-43EA-B90D-62546E609D78}.Debug|Any CPU.ActiveCfg = Debug|Any CPU
		{410D8064-A024-43EA-B90D-62546E609D78}.Debug|Any CPU.Build.0 = Debug|Any CPU
		{410D8064-A024-43EA-B90D-62546E609D78}.Release|Any CPU.ActiveCfg = Release|Any CPU
		{410D8064-A024-43EA-B90D-62546E609D78}.Release|Any CPU.Build.0 = Release|Any CPU
	EndGlobalSection
	GlobalSection(SolutionProperties) = preSolution
		HideSolutionNode = FALSE
	EndGlobalSection
	GlobalSection(ExtensibilityGlobals) = postSolution
		SolutionGuid = {55BA41AB-1E7D-4AB2-9E56-115406DDD7D7}
	EndGlobalSection
EndGlobal
